
Microsoft Visual Studio Solution File, Format Version 12.00
# Visual Studio Version 17
VisualStudioVersion = 17.3.32825.248
MinimumVisualStudioVersion = 10.0.40219.1
Project("{9A19103F-16F7-4668-BE54-9A1E7A4F7556}") = "staff schedule", "staff schedule\staff schedule.csproj", "{2B2843FD-0BB4-4A4C-ABCD-16F8AEEB86D5}"
EndProject
Project("{9A19103F-16F7-4668-BE54-9A1E7A4F7556}") = "paycheck", "paycheck\paycheck.csproj", "{ECF6E19C-41BA-47F0-976A-9E82A4D67699}"
EndProject
Project("{9A19103F-16F7-4668-BE54-9A1E7A4F7556}") = "report", "report\report.csproj", "{7DBE2C33-EB4B-465B-808A-FDEFC3F67C62}"
EndProject
Project("{2150E333-8FDC-42A3-9474-1A3956D46DE8}") = "Элементы решения", "Элементы решения", "{39918BA8-ED4F-4922-A723-E7B0582159E8}"
EndProject
Project("{FAE04EC0-301F-11D3-BF4B-00C04F79EFBC}") = "staff scheduleTests", "staff scheduleTests\staff scheduleTests.csproj", "{0A5B36E4-E286-46AE-AD31-FFE3358106F1}"
EndProject
Project("{FAE04EC0-301F-11D3-BF4B-00C04F79EFBC}") = "paycheckTests", "paycheckTests\paycheckTests.csproj", "{5D1881E7-C55F-4D2E-BDE9-8F4E72E8C4F9}"
EndProject
Global
	GlobalSection(SolutionConfigurationPlatforms) = preSolution
		Debug|Any CPU = Debug|Any CPU
		Release|Any CPU = Release|Any CPU
	EndGlobalSection
	GlobalSection(ProjectConfigurationPlatforms) = postSolution
		{2B2843FD-0BB4-4A4C-ABCD-16F8AEEB86D5}.Debug|Any CPU.ActiveCfg = Debug|Any CPU
		{2B2843FD-0BB4-4A4C-ABCD-16F8AEEB86D5}.Debug|Any CPU.Build.0 = Debug|Any CPU
		{2B2843FD-0BB4-4A4C-ABCD-16F8AEEB86D5}.Release|Any CPU.ActiveCfg = Release|Any CPU
		{2B2843FD-0BB4-4A4C-ABCD-16F8AEEB86D5}.Release|Any CPU.Build.0 = Release|Any CPU
		{ECF6E19C-41BA-47F0-976A-9E82A4D67699}.Debug|Any CPU.ActiveCfg = Debug|Any CPU
		{ECF6E19C-41BA-47F0-976A-9E82A4D67699}.Debug|Any CPU.Build.0 = Debug|Any CPU
		{ECF6E19C-41BA-47F0-976A-9E82A4D67699}.Release|Any CPU.ActiveCfg = Release|Any CPU
		{ECF6E19C-41BA-47F0-976A-9E82A4D67699}.Release|Any CPU.Build.0 = Release|Any CPU
		{7DBE2C33-EB4B-465B-808A-FDEFC3F67C62}.Debug|Any CPU.ActiveCfg = Debug|Any CPU
		{7DBE2C33-EB4B-465B-808A-FDEFC3F67C62}.Debug|Any CPU.Build.0 = Debug|Any CPU
		{7DBE2C33-EB4B-465B-808A-FDEFC3F67C62}.Release|Any CPU.ActiveCfg = Release|Any CPU
		{7DBE2C33-EB4B-465B-808A-FDEFC3F67C62}.Release|Any CPU.Build.0 = Release|Any CPU
		{0A5B36E4-E286-46AE-AD31-FFE3358106F1}.Debug|Any CPU.ActiveCfg = Debug|Any CPU
		{0A5B36E4-E286-46AE-AD31-FFE3358106F1}.Debug|Any CPU.Build.0 = Debug|Any CPU
		{0A5B36E4-E286-46AE-AD31-FFE3358106F1}.Release|Any CPU.ActiveCfg = Release|Any CPU
		{0A5B36E4-E286-46AE-AD31-FFE3358106F1}.Release|Any CPU.Build.0 = Release|Any CPU
		{5D1881E7-C55F-4D2E-BDE9-8F4E72E8C4F9}.Debug|Any CPU.ActiveCfg = Debug|Any CPU
		{5D1881E7-C55F-4D2E-BDE9-8F4E72E8C4F9}.Debug|Any CPU.Build.0 = Debug|Any CPU
		{5D1881E7-C55F-4D2E-BDE9-8F4E72E8C4F9}.Release|Any CPU.ActiveCfg = Release|Any CPU
		{5D1881E7-C55F-4D2E-BDE9-8F4E72E8C4F9}.Release|Any CPU.Build.0 = Release|Any CPU
	EndGlobalSection
	GlobalSection(SolutionProperties) = preSolution
		HideSolutionNode = FALSE
	EndGlobalSection
	GlobalSection(ExtensibilityGlobals) = postSolution
		SolutionGuid = {AE5B63FC-5AF1-4171-9E65-5E100855306A}
	EndGlobalSection
EndGlobal
